
Microsoft Visual Studio Solution File, Format Version 12.00
# Visual Studio Version 16
VisualStudioVersion = 16.0.29519.181
MinimumVisualStudioVersion = 10.0.40219.1
Project("{FAE04EC0-301F-11D3-BF4B-00C04F79EFBC}") = "ASE_Assignment", "ASE_Assignment.csproj", "{9792E258-D1EB-4D4F-A648-19F91EF4691B}"
EndProject
Project("{FAE04EC0-301F-11D3-BF4B-00C04F79EFBC}") = "UnitTesting", "..\UnitTesting\UnitTesting.csproj", "{569FBFD2-C077-452F-AFC8-B51ADD90D0BA}"
EndProject
Global
	GlobalSection(SolutionConfigurationPlatforms) = preSolution
		Debug|Any CPU = Debug|Any CPU
		Release|Any CPU = Release|Any CPU
	EndGlobalSection
	GlobalSection(ProjectConfigurationPlatforms) = postSolution
		{9792E258-D1EB-4D4F-A648-19F91EF4691B}.Debug|Any CPU.ActiveCfg = Debug|Any CPU
		{9792E258-D1EB-4D4F-A648-19F91EF4691B}.Debug|Any CPU.Build.0 = Debug|Any CPU
		{9792E258-D1EB-4D4F-A648-19F91EF4691B}.Release|Any CPU.ActiveCfg = Release|Any CPU
		{9792E258-D1EB-4D4F-A648-19F91EF4691B}.Release|Any CPU.Build.0 = Release|Any CPU
		{569FBFD2-C077-452F-AFC8-B51ADD90D0BA}.Debug|Any CPU.ActiveCfg = Debug|Any CPU
		{569FBFD2-C077-452F-AFC8-B51ADD90D0BA}.Debug|Any CPU.Build.0 = Debug|Any CPU
		{569FBFD2-C077-452F-AFC8-B51ADD90D0BA}.Release|Any CPU.ActiveCfg = Release|Any CPU
		{569FBFD2-C077-452F-AFC8-B51ADD90D0BA}.Release|Any CPU.Build.0 = Release|Any CPU
	EndGlobalSection
	GlobalSection(SolutionProperties) = preSolution
		HideSolutionNode = FALSE
	EndGlobalSection
	GlobalSection(ExtensibilityGlobals) = postSolution
		SolutionGuid = {F3629CEF-A146-45A4-B6C8-DF4DC5960CAE}
	EndGlobalSection
EndGlobal
